
Microsoft Visual Studio Solution File, Format Version 12.00
# Visual Studio 15
VisualStudioVersion = 15.0.28307.1231
MinimumVisualStudioVersion = 10.0.40219.1
Project("{2150E333-8FDC-42A3-9474-1A3956D46DE8}") = "boot", "boot", "{EF2E9174-F59E-4317-B1C0-CDFBEB91CBDD}"
	ProjectSection(SolutionItems) = preProject
		boot\bootdisk.asm = boot\bootdisk.asm
		boot\fat32read.asm = boot\fat32read.asm
		boot\initload.asm = boot\initload.asm
		boot\peldr.asm = boot\peldr.asm
		boot\vesa.asm = boot\vesa.asm
	EndProjectSection
EndProject
Project("{8BC9CEB8-8B4A-11D0-8D11-00A0C91BC942}") = "carbkrnl", "carbkrnl\carbkrnl.vcxproj", "{A3D46415-BB51-4752-83AE-91352A366D3B}"
	ProjectSection(ProjectDependencies) = postProject
		{430A0807-EB2D-4743-9B5B-93FABEEC05D9} = {430A0807-EB2D-4743-9B5B-93FABEEC05D9}
		{1D21A208-7654-4D60-981A-C9AB87C0FF44} = {1D21A208-7654-4D60-981A-C9AB87C0FF44}
		{0097C73F-43C7-489B-8712-12102C678729} = {0097C73F-43C7-489B-8712-12102C678729}
		{72E0ED45-BBD6-4B14-B819-C69A6FD0DB7D} = {72E0ED45-BBD6-4B14-B819-C69A6FD0DB7D}
		{C44AF54C-65B8-4F37-B73F-9AC449F47B9B} = {C44AF54C-65B8-4F37-B73F-9AC449F47B9B}
		{1CCA1754-C34D-4DE3-8968-8AE85874DA56} = {1CCA1754-C34D-4DE3-8968-8AE85874DA56}
		{55148E54-020D-47CB-91CA-18C9B208B39A} = {55148E54-020D-47CB-91CA-18C9B208B39A}
		{F3A6B85D-CE60-4E52-9BEF-CBABE65157F0} = {F3A6B85D-CE60-4E52-9BEF-CBABE65157F0}
		{ED0B257E-E747-4564-84C0-A8F9228F717D} = {ED0B257E-E747-4564-84C0-A8F9228F717D}
		{7905DA92-6E8B-40A3-8DB3-94990D86D568} = {7905DA92-6E8B-40A3-8DB3-94990D86D568}
		{FC2FFAAF-CC58-48E2-AE60-FEEBEC64C8A2} = {FC2FFAAF-CC58-48E2-AE60-FEEBEC64C8A2}
		{59A519B7-0C26-4E54-880A-F7526123BF85} = {59A519B7-0C26-4E54-880A-F7526123BF85}
		{C4E3CCCA-A6DC-44E1-AC9C-F92BB7828880} = {C4E3CCCA-A6DC-44E1-AC9C-F92BB7828880}
		{224995D4-B870-4CDA-8BEE-1EDDF482EC32} = {224995D4-B870-4CDA-8BEE-1EDDF482EC32}
		{0FCED1ED-9C61-4681-A4B7-E7EA231A35F7} = {0FCED1ED-9C61-4681-A4B7-E7EA231A35F7}
	EndProjectSection
EndProject
Project("{2150E333-8FDC-42A3-9474-1A3956D46DE8}") = "kd", "kd", "{80033586-4079-4859-AA40-B005A72D3280}"
EndProject
Project("{8BC9CEB8-8B4A-11D0-8D11-00A0C91BC942}") = "kdcom", "kd\kdcom\kdcom.vcxproj", "{72E0ED45-BBD6-4B14-B819-C69A6FD0DB7D}"
EndProject
Project("{8BC9CEB8-8B4A-11D0-8D11-00A0C91BC942}") = "kdwin32", "kd\kdwin32\kdwin32.vcxproj", "{55148E54-020D-47CB-91CA-18C9B208B39A}"
EndProject
Project("{2150E333-8FDC-42A3-9474-1A3956D46DE8}") = "corerd", "corerd", "{4D56898A-EFE0-444D-A8DD-238F503E64CF}"
EndProject
Project("{2150E333-8FDC-42A3-9474-1A3956D46DE8}") = "ddi", "ddi", "{397D25B2-49D8-48FD-8297-B7715F3B18D7}"
EndProject
Project("{8BC9CEB8-8B4A-11D0-8D11-00A0C91BC942}") = "vmsvga", "ddi\vmsvga\vmsvga.vcxproj", "{FC2FFAAF-CC58-48E2-AE60-FEEBEC64C8A2}"
EndProject
Project("{8BC9CEB8-8B4A-11D0-8D11-00A0C91BC942}") = "fat", "corerd\fat\fat.vcxproj", "{ED0B257E-E747-4564-84C0-A8F9228F717D}"
EndProject
Project("{8BC9CEB8-8B4A-11D0-8D11-00A0C91BC942}") = "partmgr", "corerd\partmgr\partmgr.vcxproj", "{0FCED1ED-9C61-4681-A4B7-E7EA231A35F7}"
EndProject
Project("{8BC9CEB8-8B4A-11D0-8D11-00A0C91BC942}") = "pciide", "corerd\pciide\pciide.vcxproj", "{7905DA92-6E8B-40A3-8DB3-94990D86D568}"
EndProject
Project("{8BC9CEB8-8B4A-11D0-8D11-00A0C91BC942}") = "pci", "corerd\pci\pci.vcxproj", "{1CCA1754-C34D-4DE3-8968-8AE85874DA56}"
EndProject
Project("{8BC9CEB8-8B4A-11D0-8D11-00A0C91BC942}") = "dxgi", "ddi\dxgi\dxgi.vcxproj", "{1D21A208-7654-4D60-981A-C9AB87C0FF44}"
EndProject
Project("{2150E333-8FDC-42A3-9474-1A3956D46DE8}") = "coreusr", "coreusr", "{F6F3A039-9C7C-4A1E-B219-CDD8A09DE837}"
EndProject
Project("{8BC9CEB8-8B4A-11D0-8D11-00A0C91BC942}") = "ntdll", "coreusr\ntdll\ntdll.vcxproj", "{C4E3CCCA-A6DC-44E1-AC9C-F92BB7828880}"
EndProject
Project("{8BC9CEB8-8B4A-11D0-8D11-00A0C91BC942}") = "carbinit", "coreusr\carbinit\carbinit.vcxproj", "{59A519B7-0C26-4E54-880A-F7526123BF85}"
EndProject
Project("{8BC9CEB8-8B4A-11D0-8D11-00A0C91BC942}") = "d3d", "ddi\d3d\d3d.vcxproj", "{430A0807-EB2D-4743-9B5B-93FABEEC05D9}"
EndProject
Project("{2150E333-8FDC-42A3-9474-1A3956D46DE8}") = "core", "core", "{AB3E42F5-54AA-4797-8E9E-13FCF86A53AD}"
EndProject
Project("{8BC9CEB8-8B4A-11D0-8D11-00A0C91BC942}") = "i8042", "core\i8042\i8042.vcxproj", "{C44AF54C-65B8-4F37-B73F-9AC449F47B9B}"
EndProject
Project("{8BC9CEB8-8B4A-11D0-8D11-00A0C91BC942}") = "ntuser", "core\ntuser\ntuser.vcxproj", "{F3A6B85D-CE60-4E52-9BEF-CBABE65157F0}"
EndProject
Project("{8BC9CEB8-8B4A-11D0-8D11-00A0C91BC942}") = "vesa", "ddi\vesa\vesa.vcxproj", "{224995D4-B870-4CDA-8BEE-1EDDF482EC32}"
EndProject
Project("{8BC9CEB8-8B4A-11D0-8D11-00A0C91BC942}") = "user", "coreusr\user\user.vcxproj", "{0097C73F-43C7-489B-8712-12102C678729}"
EndProject
Global
	GlobalSection(SolutionConfigurationPlatforms) = preSolution
		Debug|x64 = Debug|x64
		Debug|x86 = Debug|x86
		Release|x64 = Release|x64
		Release|x86 = Release|x86
	EndGlobalSection
	GlobalSection(ProjectConfigurationPlatforms) = postSolution
		{A3D46415-BB51-4752-83AE-91352A366D3B}.Debug|x64.ActiveCfg = Release|x64
		{A3D46415-BB51-4752-83AE-91352A366D3B}.Debug|x64.Build.0 = Release|x64
		{A3D46415-BB51-4752-83AE-91352A366D3B}.Debug|x86.ActiveCfg = Release|x64
		{A3D46415-BB51-4752-83AE-91352A366D3B}.Debug|x86.Build.0 = Release|x64
		{A3D46415-BB51-4752-83AE-91352A366D3B}.Release|x64.ActiveCfg = Release|x64
		{A3D46415-BB51-4752-83AE-91352A366D3B}.Release|x64.Build.0 = Release|x64
		{A3D46415-BB51-4752-83AE-91352A366D3B}.Release|x86.ActiveCfg = Release|x64
		{72E0ED45-BBD6-4B14-B819-C69A6FD0DB7D}.Debug|x64.ActiveCfg = Debug|x64
		{72E0ED45-BBD6-4B14-B819-C69A6FD0DB7D}.Debug|x64.Build.0 = Debug|x64
		{72E0ED45-BBD6-4B14-B819-C69A6FD0DB7D}.Debug|x86.ActiveCfg = Debug|x64
		{72E0ED45-BBD6-4B14-B819-C69A6FD0DB7D}.Release|x64.ActiveCfg = Release|x64
		{72E0ED45-BBD6-4B14-B819-C69A6FD0DB7D}.Release|x64.Build.0 = Release|x64
		{72E0ED45-BBD6-4B14-B819-C69A6FD0DB7D}.Release|x86.ActiveCfg = Release|x64
		{55148E54-020D-47CB-91CA-18C9B208B39A}.Debug|x64.ActiveCfg = Debug|x64
		{55148E54-020D-47CB-91CA-18C9B208B39A}.Debug|x64.Build.0 = Debug|x64
		{55148E54-020D-47CB-91CA-18C9B208B39A}.Debug|x86.ActiveCfg = Debug|Win32
		{55148E54-020D-47CB-91CA-18C9B208B39A}.Debug|x86.Build.0 = Debug|Win32
		{55148E54-020D-47CB-91CA-18C9B208B39A}.Release|x64.ActiveCfg = Release|x64
		{55148E54-020D-47CB-91CA-18C9B208B39A}.Release|x64.Build.0 = Release|x64
		{55148E54-020D-47CB-91CA-18C9B208B39A}.Release|x86.ActiveCfg = Release|Win32
		{55148E54-020D-47CB-91CA-18C9B208B39A}.Release|x86.Build.0 = Release|Win32
		{FC2FFAAF-CC58-48E2-AE60-FEEBEC64C8A2}.Debug|x64.ActiveCfg = Debug|x64
		{FC2FFAAF-CC58-48E2-AE60-FEEBEC64C8A2}.Debug|x64.Build.0 = Debug|x64
		{FC2FFAAF-CC58-48E2-AE60-FEEBEC64C8A2}.Debug|x86.ActiveCfg = Debug|x64
		{FC2FFAAF-CC58-48E2-AE60-FEEBEC64C8A2}.Release|x64.ActiveCfg = Release|x64
		{FC2FFAAF-CC58-48E2-AE60-FEEBEC64C8A2}.Release|x64.Build.0 = Release|x64
		{FC2FFAAF-CC58-48E2-AE60-FEEBEC64C8A2}.Release|x86.ActiveCfg = Release|x64
		{ED0B257E-E747-4564-84C0-A8F9228F717D}.Debug|x64.ActiveCfg = Debug|x64
		{ED0B257E-E747-4564-84C0-A8F9228F717D}.Debug|x64.Build.0 = Debug|x64
		{ED0B257E-E747-4564-84C0-A8F9228F717D}.Debug|x86.ActiveCfg = Debug|x64
		{ED0B257E-E747-4564-84C0-A8F9228F717D}.Release|x64.ActiveCfg = Release|x64
		{ED0B257E-E747-4564-84C0-A8F9228F717D}.Release|x64.Build.0 = Release|x64
		{ED0B257E-E747-4564-84C0-A8F9228F717D}.Release|x86.ActiveCfg = Release|x64
		{0FCED1ED-9C61-4681-A4B7-E7EA231A35F7}.Debug|x64.ActiveCfg = Debug|x64
		{0FCED1ED-9C61-4681-A4B7-E7EA231A35F7}.Debug|x64.Build.0 = Debug|x64
		{0FCED1ED-9C61-4681-A4B7-E7EA231A35F7}.Debug|x86.ActiveCfg = Debug|x64
		{0FCED1ED-9C61-4681-A4B7-E7EA231A35F7}.Release|x64.ActiveCfg = Release|x64
		{0FCED1ED-9C61-4681-A4B7-E7EA231A35F7}.Release|x64.Build.0 = Release|x64
		{0FCED1ED-9C61-4681-A4B7-E7EA231A35F7}.Release|x86.ActiveCfg = Release|x64
		{7905DA92-6E8B-40A3-8DB3-94990D86D568}.Debug|x64.ActiveCfg = Release|x64
		{7905DA92-6E8B-40A3-8DB3-94990D86D568}.Debug|x64.Build.0 = Release|x64
		{7905DA92-6E8B-40A3-8DB3-94990D86D568}.Debug|x86.ActiveCfg = Release|x64
		{7905DA92-6E8B-40A3-8DB3-94990D86D568}.Debug|x86.Build.0 = Release|x64
		{7905DA92-6E8B-40A3-8DB3-94990D86D568}.Release|x64.ActiveCfg = Release|x64
		{7905DA92-6E8B-40A3-8DB3-94990D86D568}.Release|x64.Build.0 = Release|x64
		{7905DA92-6E8B-40A3-8DB3-94990D86D568}.Release|x86.ActiveCfg = Release|x64
		{1CCA1754-C34D-4DE3-8968-8AE85874DA56}.Debug|x64.ActiveCfg = Release|x64
		{1CCA1754-C34D-4DE3-8968-8AE85874DA56}.Debug|x64.Build.0 = Release|x64
		{1CCA1754-C34D-4DE3-8968-8AE85874DA56}.Debug|x86.ActiveCfg = Release|x64
		{1CCA1754-C34D-4DE3-8968-8AE85874DA56}.Debug|x86.Build.0 = Release|x64
		{1CCA1754-C34D-4DE3-8968-8AE85874DA56}.Release|x64.ActiveCfg = Release|x64
		{1CCA1754-C34D-4DE3-8968-8AE85874DA56}.Release|x64.Build.0 = Release|x64
		{1CCA1754-C34D-4DE3-8968-8AE85874DA56}.Release|x86.ActiveCfg = Release|x64
		{1D21A208-7654-4D60-981A-C9AB87C0FF44}.Debug|x64.ActiveCfg = Debug|x64
		{1D21A208-7654-4D60-981A-C9AB87C0FF44}.Debug|x64.Build.0 = Debug|x64
		{1D21A208-7654-4D60-981A-C9AB87C0FF44}.Debug|x86.ActiveCfg = Debug|x64
		{1D21A208-7654-4D60-981A-C9AB87C0FF44}.Release|x64.ActiveCfg = Release|x64
		{1D21A208-7654-4D60-981A-C9AB87C0FF44}.Release|x64.Build.0 = Release|x64
		{1D21A208-7654-4D60-981A-C9AB87C0FF44}.Release|x86.ActiveCfg = Release|x64
		{C4E3CCCA-A6DC-44E1-AC9C-F92BB7828880}.Debug|x64.ActiveCfg = Debug|x64
		{C4E3CCCA-A6DC-44E1-AC9C-F92BB7828880}.Debug|x64.Build.0 = Debug|x64
		{C4E3CCCA-A6DC-44E1-AC9C-F92BB7828880}.Debug|x86.ActiveCfg = Debug|x64
		{C4E3CCCA-A6DC-44E1-AC9C-F92BB7828880}.Release|x64.ActiveCfg = Release|x64
		{C4E3CCCA-A6DC-44E1-AC9C-F92BB7828880}.Release|x64.Build.0 = Release|x64
		{C4E3CCCA-A6DC-44E1-AC9C-F92BB7828880}.Release|x86.ActiveCfg = Release|x64
		{59A519B7-0C26-4E54-880A-F7526123BF85}.Debug|x64.ActiveCfg = Debug|x64
		{59A519B7-0C26-4E54-880A-F7526123BF85}.Debug|x64.Build.0 = Debug|x64
		{59A519B7-0C26-4E54-880A-F7526123BF85}.Debug|x86.ActiveCfg = Debug|x64
		{59A519B7-0C26-4E54-880A-F7526123BF85}.Release|x64.ActiveCfg = Release|x64
		{59A519B7-0C26-4E54-880A-F7526123BF85}.Release|x64.Build.0 = Release|x64
		{59A519B7-0C26-4E54-880A-F7526123BF85}.Release|x86.ActiveCfg = Release|x64
		{430A0807-EB2D-4743-9B5B-93FABEEC05D9}.Debug|x64.ActiveCfg = Debug|x64
		{430A0807-EB2D-4743-9B5B-93FABEEC05D9}.Debug|x64.Build.0 = Debug|x64
		{430A0807-EB2D-4743-9B5B-93FABEEC05D9}.Debug|x86.ActiveCfg = Debug|x64
		{430A0807-EB2D-4743-9B5B-93FABEEC05D9}.Release|x64.ActiveCfg = Release|x64
		{430A0807-EB2D-4743-9B5B-93FABEEC05D9}.Release|x64.Build.0 = Release|x64
		{430A0807-EB2D-4743-9B5B-93FABEEC05D9}.Release|x86.ActiveCfg = Release|x64
		{C44AF54C-65B8-4F37-B73F-9AC449F47B9B}.Debug|x64.ActiveCfg = Debug|x64
		{C44AF54C-65B8-4F37-B73F-9AC449F47B9B}.Debug|x64.Build.0 = Debug|x64
		{C44AF54C-65B8-4F37-B73F-9AC449F47B9B}.Debug|x86.ActiveCfg = Debug|x64
		{C44AF54C-65B8-4F37-B73F-9AC449F47B9B}.Release|x64.ActiveCfg = Release|x64
		{C44AF54C-65B8-4F37-B73F-9AC449F47B9B}.Release|x64.Build.0 = Release|x64
		{C44AF54C-65B8-4F37-B73F-9AC449F47B9B}.Release|x86.ActiveCfg = Release|x64
		{F3A6B85D-CE60-4E52-9BEF-CBABE65157F0}.Debug|x64.ActiveCfg = Debug|x64
		{F3A6B85D-CE60-4E52-9BEF-CBABE65157F0}.Debug|x64.Build.0 = Debug|x64
		{F3A6B85D-CE60-4E52-9BEF-CBABE65157F0}.Debug|x86.ActiveCfg = Debug|x64
		{F3A6B85D-CE60-4E52-9BEF-CBABE65157F0}.Release|x64.ActiveCfg = Release|x64
		{F3A6B85D-CE60-4E52-9BEF-CBABE65157F0}.Release|x64.Build.0 = Release|x64
		{F3A6B85D-CE60-4E52-9BEF-CBABE65157F0}.Release|x86.ActiveCfg = Release|x64
		{224995D4-B870-4CDA-8BEE-1EDDF482EC32}.Debug|x64.ActiveCfg = Debug|x64
		{224995D4-B870-4CDA-8BEE-1EDDF482EC32}.Debug|x64.Build.0 = Debug|x64
		{224995D4-B870-4CDA-8BEE-1EDDF482EC32}.Debug|x86.ActiveCfg = Debug|x64
		{224995D4-B870-4CDA-8BEE-1EDDF482EC32}.Release|x64.ActiveCfg = Release|x64
		{224995D4-B870-4CDA-8BEE-1EDDF482EC32}.Release|x64.Build.0 = Release|x64
		{224995D4-B870-4CDA-8BEE-1EDDF482EC32}.Release|x86.ActiveCfg = Release|x64
		{0097C73F-43C7-489B-8712-12102C678729}.Debug|x64.ActiveCfg = Debug|x64
		{0097C73F-43C7-489B-8712-12102C678729}.Debug|x64.Build.0 = Debug|x64
		{0097C73F-43C7-489B-8712-12102C678729}.Debug|x86.ActiveCfg = Debug|x64
		{0097C73F-43C7-489B-8712-12102C678729}.Release|x64.ActiveCfg = Release|x64
		{0097C73F-43C7-489B-8712-12102C678729}.Release|x64.Build.0 = Release|x64
		{0097C73F-43C7-489B-8712-12102C678729}.Release|x86.ActiveCfg = Release|x64
	EndGlobalSection
	GlobalSection(SolutionProperties) = preSolution
		HideSolutionNode = FALSE
	EndGlobalSection
	GlobalSection(NestedProjects) = preSolution
		{72E0ED45-BBD6-4B14-B819-C69A6FD0DB7D} = {80033586-4079-4859-AA40-B005A72D3280}
		{55148E54-020D-47CB-91CA-18C9B208B39A} = {80033586-4079-4859-AA40-B005A72D3280}
		{FC2FFAAF-CC58-48E2-AE60-FEEBEC64C8A2} = {397D25B2-49D8-48FD-8297-B7715F3B18D7}
		{ED0B257E-E747-4564-84C0-A8F9228F717D} = {4D56898A-EFE0-444D-A8DD-238F503E64CF}
		{0FCED1ED-9C61-4681-A4B7-E7EA231A35F7} = {4D56898A-EFE0-444D-A8DD-238F503E64CF}
		{7905DA92-6E8B-40A3-8DB3-94990D86D568} = {4D56898A-EFE0-444D-A8DD-238F503E64CF}
		{1CCA1754-C34D-4DE3-8968-8AE85874DA56} = {4D56898A-EFE0-444D-A8DD-238F503E64CF}
		{1D21A208-7654-4D60-981A-C9AB87C0FF44} = {397D25B2-49D8-48FD-8297-B7715F3B18D7}
		{C4E3CCCA-A6DC-44E1-AC9C-F92BB7828880} = {F6F3A039-9C7C-4A1E-B219-CDD8A09DE837}
		{59A519B7-0C26-4E54-880A-F7526123BF85} = {F6F3A039-9C7C-4A1E-B219-CDD8A09DE837}
		{430A0807-EB2D-4743-9B5B-93FABEEC05D9} = {397D25B2-49D8-48FD-8297-B7715F3B18D7}
		{C44AF54C-65B8-4F37-B73F-9AC449F47B9B} = {AB3E42F5-54AA-4797-8E9E-13FCF86A53AD}
		{F3A6B85D-CE60-4E52-9BEF-CBABE65157F0} = {AB3E42F5-54AA-4797-8E9E-13FCF86A53AD}
		{224995D4-B870-4CDA-8BEE-1EDDF482EC32} = {397D25B2-49D8-48FD-8297-B7715F3B18D7}
		{0097C73F-43C7-489B-8712-12102C678729} = {F6F3A039-9C7C-4A1E-B219-CDD8A09DE837}
	EndGlobalSection
	GlobalSection(ExtensibilityGlobals) = postSolution
		SolutionGuid = {3A90097D-388C-4D14-94C6-D474536D3478}
	EndGlobalSection
EndGlobal
